# This file is autogenerated and supposed to be committed to the git repository.
# Changing this file is not recommended and will likely break the build.

[conda]
_libgcc_mutex=0.1=conda_forge @ 16fe1c80
_openmp_mutex=4.5=2_gnu @ 16fe1c80
altair=5.5.0=pyhd8ed1ab_1 @ c7211bb6
asttokens=3.0.0=pyhd8ed1ab_1 @ c7211bb6
attrs=24.3.0=pyh71513ae_0 @ c7211bb6
aws-c-auth=0.7.22=h96bc93b_2 @ e1c11c02
aws-c-cal=0.6.14=h88a6e22_1 @ e1c11c02
aws-c-common=0.9.19=h4ab18f5_0 @ e1c11c02
aws-c-compression=0.2.18=h83b837d_6 @ e1c11c02
aws-c-event-stream=0.4.2=ha47c788_12 @ e1c11c02
aws-c-http=0.8.1=h29d6fba_17 @ e1c11c02
aws-c-io=0.14.8=h21d4f22_5 @ e1c11c02
aws-c-mqtt=0.10.4=h759edc4_4 @ e1c11c02
aws-c-s3=0.5.9=h594631b_3 @ e1c11c02
aws-c-sdkutils=0.1.16=h83b837d_2 @ e1c11c02
aws-checksums=0.1.18=h83b837d_6 @ e1c11c02
aws-crt-cpp=0.26.9=he3a8b3b_0 @ e1c11c02
aws-sdk-cpp=1.11.329=hba8bd5f_3 @ e1c11c02
blinker=1.9.0=pyhff2d567_0 @ c7211bb6
brotli-python=1.1.0=py310hf71b8c6_2 @ e1c11c02
bzip2=1.0.8=h4bc722e_7 @ e1c11c02
c-ares=1.34.4=hb9d3cd8_0 @ e1c11c02
ca-certificates=2024.12.14=hbcca054_0 @ e1c11c02
cachetools=5.5.0=pyhd8ed1ab_1 @ c7211bb6
certifi=2024.12.14=pyhd8ed1ab_0 @ c7211bb6
cffi=1.17.1=py310h8deb56e_0 @ e1c11c02
charset-normalizer=3.4.1=pyhd8ed1ab_0 @ c7211bb6
click=8.1.8=pyh707e725_0 @ c7211bb6
comm=0.2.2=pyhd8ed1ab_1 @ c7211bb6
conjure-python-client=2.12.0=pyhd8ed1ab_0 @ c7211bb6
debugpy=1.8.11=py310hf71b8c6_0 @ e1c11c02
decorator=5.1.1=pyhd8ed1ab_1 @ c7211bb6
exceptiongroup=1.2.2=pyhd8ed1ab_1 @ c7211bb6
executing=2.1.0=pyhd8ed1ab_1 @ c7211bb6
foundry-data-sidecar-api=0.626.0=py_0 @ fe451c34
foundry-transforms-lib-python=0.639.0=py_0 @ fe451c34
freetype=2.12.1=h267a509_2 @ e1c11c02
gflags=2.2.2=h5888daf_1005 @ e1c11c02
gitdb=4.0.12=pyhd8ed1ab_0 @ c7211bb6
gitpython=3.1.44=pyhff2d567_0 @ c7211bb6
glog=0.7.1=hbabe93e_0 @ e1c11c02
h2=4.1.0=pyhd8ed1ab_1 @ c7211bb6
hpack=4.0.0=pyhd8ed1ab_1 @ c7211bb6
hyperframe=6.0.1=pyhd8ed1ab_1 @ c7211bb6
idna=3.10=pyhd8ed1ab_1 @ c7211bb6
importlib-metadata=8.5.0=pyha770c72_1 @ c7211bb6
importlib_resources=6.5.2=pyhd8ed1ab_0 @ c7211bb6
ipykernel=6.29.5=pyh3099207_0 @ c7211bb6
ipython=8.31.0=pyh707e725_0 @ c7211bb6
ipywidgets=8.1.5=pyhd8ed1ab_1 @ c7211bb6
jedi=0.19.2=pyhd8ed1ab_1 @ c7211bb6
jinja2=3.1.5=pyhd8ed1ab_0 @ c7211bb6
jsonschema=4.23.0=pyhd8ed1ab_1 @ c7211bb6
jsonschema-specifications=2024.10.1=pyhd8ed1ab_1 @ c7211bb6
jupyter_client=8.6.3=pyhd8ed1ab_1 @ c7211bb6
jupyter_core=5.7.2=pyh31011fe_1 @ c7211bb6
jupyterlab_widgets=3.0.13=pyhd8ed1ab_1 @ c7211bb6
keyutils=1.6.1=h166bdaf_0 @ 16fe1c80
krb5=1.21.3=h659f571_0 @ e1c11c02
lcms2=2.16=hb7c19ff_0 @ e1c11c02
ld_impl_linux-64=2.43=h712a8e2_2 @ e1c11c02
lerc=4.0.0=h27087fc_0 @ 16fe1c80
libabseil=20240116.2=cxx17_he02047a_1 @ e1c11c02
libarrow=16.1.0=hcb6531f_6_cpu @ e1c11c02
libarrow-acero=16.1.0=hac33072_6_cpu @ e1c11c02
libarrow-dataset=16.1.0=hac33072_6_cpu @ e1c11c02
libarrow-substrait=16.1.0=h7e0c224_6_cpu @ e1c11c02
libblas=3.9.0=26_linux64_openblas @ e1c11c02
libbrotlicommon=1.1.0=hb9d3cd8_2 @ e1c11c02
libbrotlidec=1.1.0=hb9d3cd8_2 @ e1c11c02
libbrotlienc=1.1.0=hb9d3cd8_2 @ e1c11c02
libcblas=3.9.0=26_linux64_openblas @ e1c11c02
libcrc32c=1.1.2=h9c3ff4c_0 @ 16fe1c80
libcurl=8.8.0=hca28451_1 @ e1c11c02
libdeflate=1.20=hd590300_0 @ e1c11c02
libedit=3.1.20191231=he28a2e2_2 @ 16fe1c80
libev=4.33=hd590300_2 @ e1c11c02
libevent=2.1.12=hf998b51_1 @ e1c11c02
libffi=3.4.2=h7f98852_5 @ 16fe1c80
libgcc=14.2.0=h77fa898_1 @ e1c11c02
libgcc-ng=14.2.0=h69a702a_1 @ e1c11c02
libgfortran=14.2.0=h69a702a_1 @ e1c11c02
libgfortran5=14.2.0=hd5240d6_1 @ e1c11c02
libgomp=14.2.0=h77fa898_1 @ e1c11c02
libgoogle-cloud=2.24.0=h2736e30_0 @ e1c11c02
libgoogle-cloud-storage=2.24.0=h3d9a0c8_0 @ e1c11c02
libgrpc=1.62.2=h15f2491_0 @ e1c11c02
libjpeg-turbo=3.0.0=hd590300_1 @ e1c11c02
liblapack=3.9.0=26_linux64_openblas @ e1c11c02
liblzma=5.6.3=hb9d3cd8_1 @ e1c11c02
liblzma-devel=5.6.3=hb9d3cd8_1 @ e1c11c02
libnghttp2=1.58.0=h47da74e_1 @ e1c11c02
libnsl=2.0.1=hd590300_0 @ e1c11c02
libopenblas=0.3.28=pthreads_h94d23a6_1 @ e1c11c02
libparquet=16.1.0=h6a7eafb_6_cpu @ e1c11c02
libpng=1.6.43=h2797004_0 @ e1c11c02
libprotobuf=4.25.3=h08a7969_0 @ e1c11c02
libre2-11=2023.09.01=h5a48ba9_2 @ e1c11c02
libsodium=1.0.20=h4ab18f5_0 @ e1c11c02
libssh2=1.11.0=h0841786_0 @ e1c11c02
libstdcxx=14.2.0=hc0a3c3a_1 @ e1c11c02
libstdcxx-ng=14.2.0=h4852527_1 @ e1c11c02
libthrift=0.19.0=hb90f79a_1 @ e1c11c02
libtiff=4.6.0=h1dd3fc0_3 @ e1c11c02
libutf8proc=2.8.0=hf23e847_1 @ e1c11c02
libuuid=2.38.1=h0b41bf4_0 @ e1c11c02
libwebp-base=1.5.0=h851e524_0 @ e1c11c02
libxcb=1.15=h0b41bf4_0 @ e1c11c02
libzlib=1.2.13=h4ab18f5_6 @ e1c11c02
lz4-c=1.9.4=hcb278e6_0 @ e1c11c02
markdown-it-py=3.0.0=pyhd8ed1ab_1 @ c7211bb6
markupsafe=3.0.2=py310h89163eb_1 @ e1c11c02
matplotlib-inline=0.1.7=pyhd8ed1ab_1 @ c7211bb6
mdurl=0.1.2=pyhd8ed1ab_1 @ c7211bb6
narwhals=1.22.0=pyhd8ed1ab_0 @ 931c1ab2
ncurses=6.2=h58526e2_4 @ 16fe1c80
nest-asyncio=1.6.0=pyhd8ed1ab_1 @ c7211bb6
numpy=1.26.4=py310hb13e2d6_0 @ e1c11c02
openjpeg=2.5.2=h488ebb8_0 @ e1c11c02
openssl=3.4.0=h7b32b05_1 @ e1c11c02
orc=2.0.1=h17fec99_1 @ e1c11c02
packaging=24.2=pyhd8ed1ab_2 @ c7211bb6
pandas=2.2.3=py310h5eaa309_1 @ e1c11c02
parso=0.8.4=pyhd8ed1ab_1 @ c7211bb6
pexpect=4.9.0=pyhd8ed1ab_1 @ c7211bb6
pickleshare=0.7.5=pyhd8ed1ab_1004 @ c7211bb6
pillow=10.3.0=py310hf73ecf8_0 @ e1c11c02
pip=24.3.1=pyh8b19718_2 @ c7211bb6
pkgutil-resolve-name=1.3.10=pyhd8ed1ab_2 @ c7211bb6
platformdirs=4.3.6=pyhd8ed1ab_1 @ c7211bb6
prompt-toolkit=3.0.48=pyha770c72_1 @ c7211bb6
protobuf=4.25.3=py310h0e2eeba_1 @ e1c11c02
psutil=6.1.1=py310ha75aee5_0 @ e1c11c02
pthread-stubs=0.4=hb9d3cd8_1002 @ e1c11c02
ptyprocess=0.7.0=pyhd8ed1ab_1 @ c7211bb6
pure_eval=0.2.3=pyhd8ed1ab_1 @ c7211bb6
pyarrow=16.1.0=py310h17c5347_1 @ e1c11c02
pyarrow-core=16.1.0=py310h6f79a3a_1_cpu @ e1c11c02
pycparser=2.22=pyh29332c3_1 @ c7211bb6
pydeck=0.8.0=pyhd8ed1ab_0 @ fe451c34
pygments=2.19.1=pyhd8ed1ab_0 @ c7211bb6
pysocks=1.7.1=pyha55dd90_7 @ c7211bb6
python=3.10.2=h543edf9_0_cpython @ 16fe1c80
python-dateutil=2.9.0.post0=pyhff2d567_1 @ c7211bb6
python-tzdata=2024.2=pyhd8ed1ab_1 @ c7211bb6
python_abi=3.10=5_cp310 @ e1c11c02
pytz=2024.1=pyhd8ed1ab_0 @ c7211bb6
pyyaml=6.0.2=py310ha75aee5_1 @ e1c11c02
pyzmq=26.2.0=py310h71f11fc_3 @ e1c11c02
re2=2023.09.01=h7f4b329_2 @ e1c11c02
readline=8.1=h46c0cb4_0 @ 16fe1c80
referencing=0.35.1=pyhd8ed1ab_1 @ c7211bb6
requests=2.32.3=pyhd8ed1ab_1 @ c7211bb6
rich=13.9.4=pyhd8ed1ab_1 @ c7211bb6
rpds-py=0.22.3=py310h505e2c1_0 @ e1c11c02
s2n=1.4.15=he19d79f_0 @ e1c11c02
setuptools=75.7.0=pyhff2d567_0 @ c7211bb6
six=1.17.0=pyhd8ed1ab_0 @ c7211bb6
smmap=5.0.0=pyhd8ed1ab_0 @ fe451c34
snappy=1.2.1=h8bd8927_1 @ e1c11c02
sqlite=3.37.0=h9cd32fc_0 @ 16fe1c80
stack_data=0.6.3=pyhd8ed1ab_1 @ c7211bb6
streamlit=1.41.1=pyhd8ed1ab_1 @ c7211bb6
tenacity=9.0.0=pyhd8ed1ab_1 @ c7211bb6
tk=8.6.13=noxft_h4845f30_101 @ e1c11c02
toml=0.10.2=pyhd8ed1ab_1 @ c7211bb6
tornado=6.4.2=py310ha75aee5_0 @ e1c11c02
traitlets=5.14.3=pyhd8ed1ab_1 @ c7211bb6
typing-extensions=4.12.2=hd8ed1ab_1 @ c7211bb6
typing_extensions=4.12.2=pyha770c72_1 @ c7211bb6
tzdata=2024b=hc8b5060_0 @ c7211bb6
tzlocal=5.2=py310hff52083_1 @ e1c11c02
urllib3=2.3.0=pyhd8ed1ab_0 @ c7211bb6
watchdog=6.0.0=py310hff52083_0 @ e1c11c02
wcwidth=0.2.13=pyhd8ed1ab_1 @ c7211bb6
wheel=0.45.1=pyhd8ed1ab_1 @ c7211bb6
widgetsnbextension=4.0.13=pyhd8ed1ab_1 @ c7211bb6
xorg-libxau=1.0.12=hb9d3cd8_0 @ e1c11c02
xorg-libxdmcp=1.1.5=hb9d3cd8_0 @ e1c11c02
xz=5.6.3=hbcc6ac9_1 @ e1c11c02
xz-gpl-tools=5.6.3=hbcc6ac9_1 @ e1c11c02
xz-tools=5.6.3=hb9d3cd8_1 @ e1c11c02
yaml=0.2.5=h7f98852_2 @ 16fe1c80
zeromq=4.3.5=h3b0a872_7 @ e1c11c02
zipp=3.21.0=pyhd8ed1ab_1 @ c7211bb6
zlib=1.2.13=h4ab18f5_6 @ e1c11c02
zstandard=0.23.0=py310ha39cb0e_1 @ e1c11c02
zstd=1.5.6=ha6fb4c9_0 @ e1c11c02

[pip]
brotli==1.1.0
importlib-resources==6.5.2
jupyter-client==8.6.3
jupyter-core==5.7.2
jupyterlab-widgets==3.0.13
pure-eval==0.2.3
pydeck==0.8.0b4
stack-data==0.6.3
tzdata==2024.2

[conda-metadata]
16fe1c80 - linux-64 @ tar.bz2 @ ri.artifacts.repository.bundle.jupyter-default-environment
931c1ab2 - noarch @ conda @ ri.artifacts.repository.artifactory.external-conda-forge
c7211bb6 - noarch @ conda @ ri.artifacts.repository.bundle.jupyter-default-environment
e1c11c02 - linux-64 @ conda @ ri.artifacts.repository.bundle.jupyter-default-environment
fe451c34 - noarch @ tar.bz2 @ ri.artifacts.repository.bundle.jupyter-default-environment

[pip-indices]
ri.artifacts.repository.artifactory.external-python-pypi
ri.foundry-sdk-asset-bundle.main.artifacts.repository
ri.stemma.main.repository.9ff1a765-40d6-414d-85a2-cce48101890a

[conda lock version]
v3 - d31b012180440a5c111e8a2bc104c56004afa1a8f2cf7efd4e701a301e6bbca8
